// !$*UTF8*$!
{
	archiveVersion = 1;
	classes = {
	};
	objectVersion = 50;
	objects = {

/* Begin PBXBuildFile section */
		3F0DC7EE238FC35300E33D5E /* AppDelegate.swift in Sources */ = {isa = PBXBuildFile; fileRef = 3F0DC7ED238FC35300E33D5E /* AppDelegate.swift */; };
		3F0DC7F0238FC35300E33D5E /* SceneDelegate.swift in Sources */ = {isa = PBXBuildFile; fileRef = 3F0DC7EF238FC35300E33D5E /* SceneDelegate.swift */; };
		3F0DC7F2238FC35300E33D5E /* ViewController.swift in Sources */ = {isa = PBXBuildFile; fileRef = 3F0DC7F1238FC35300E33D5E /* ViewController.swift */; };
		3F0DC7F5238FC35300E33D5E /* Main.storyboard in Resources */ = {isa = PBXBuildFile; fileRef = 3F0DC7F3238FC35300E33D5E /* Main.storyboard */; };
		3F0DC7F7238FC35400E33D5E /* Assets.xcassets in Resources */ = {isa = PBXBuildFile; fileRef = 3F0DC7F6238FC35400E33D5E /* Assets.xcassets */; };
		3F0DC7FA238FC35400E33D5E /* LaunchScreen.storyboard in Resources */ = {isa = PBXBuildFile; fileRef = 3F0DC7F8238FC35400E33D5E /* LaunchScreen.storyboard */; };
		3F0DC802238FC3C700E33D5E /* BlueViewController.swift in Sources */ = {isa = PBXBuildFile; fileRef = 3F0DC801238FC3C700E33D5E /* BlueViewController.swift */; };
		3F0DC804238FC3DC00E33D5E /* YellowViewController.swift in Sources */ = {isa = PBXBuildFile; fileRef = 3F0DC803238FC3DC00E33D5E /* YellowViewController.swift */; };
		3F0DC806238FC89E00E33D5E /* PurpleViewController.swift in Sources */ = {isa = PBXBuildFile; fileRef = 3F0DC805238FC89E00E33D5E /* PurpleViewController.swift */; };
		3F0DC808238FDCB900E33D5E /* SecondPamam.swift in Sources */ = {isa = PBXBuildFile; fileRef = 3F0DC807238FDCB900E33D5E /* SecondPamam.swift */; };
/* End PBXBuildFile section */

/* Begin PBXFileReference section */
		3F0DC7EA238FC35300E33D5E /* myNavigationController.app */ = {isa = PBXFileReference; explicitFileType = wrapper.application; includeInIndex = 0; path = myNavigationController.app; sourceTree = BUILT_PRODUCTS_DIR; };
		3F0DC7ED238FC35300E33D5E /* AppDelegate.swift */ = {isa = PBXFileReference; lastKnownFileType = sourcecode.swift; path = AppDelegate.swift; sourceTree = "<group>"; };
		3F0DC7EF238FC35300E33D5E /* SceneDelegate.swift */ = {isa = PBXFileReference; lastKnownFileType = sourcecode.swift; path = SceneDelegate.swift; sourceTree = "<group>"; };
		3F0DC7F1238FC35300E33D5E /* ViewController.swift */ = {isa = PBXFileReference; lastKnownFileType = sourcecode.swift; path = ViewController.swift; sourceTree = "<group>"; };
		3F0DC7F4238FC35300E33D5E /* Base */ = {isa = PBXFileReference; lastKnownFileType = file.storyboard; name = Base; path = Base.lproj/Main.storyboard; sourceTree = "<group>"; };
		3F0DC7F6238FC35400E33D5E /* Assets.xcassets */ = {isa = PBXFileReference; lastKnownFileType = folder.assetcatalog; path = Assets.xcassets; sourceTree = "<group>"; };
		3F0DC7F9238FC35400E33D5E /* Base */ = {isa = PBXFileReference; lastKnownFileType = file.storyboard; name = Base; path = Base.lproj/LaunchScreen.storyboard; sourceTree = "<group>"; };
		3F0DC7FB238FC35400E33D5E /* Info.plist */ = {isa = PBXFileReference; lastKnownFileType = text.plist.xml; path = Info.plist; sourceTree = "<group>"; };
		3F0DC801238FC3C700E33D5E /* BlueViewController.swift */ = {isa = PBXFileReference; lastKnownFileType = sourcecode.swift; path = BlueViewController.swift; sourceTree = "<group>"; };
		3F0DC803238FC3DC00E33D5E /* YellowViewController.swift */ = {isa = PBXFileReference; lastKnownFileType = sourcecode.swift; path = YellowViewController.swift; sourceTree = "<group>"; };
		3F0DC805238FC89E00E33D5E /* PurpleViewController.swift */ = {isa = PBXFileReference; lastKnownFileType = sourcecode.swift; path = PurpleViewController.swift; sourceTree = "<group>"; };
		3F0DC807238FDCB900E33D5E /* SecondPamam.swift */ = {isa = PBXFileReference; lastKnownFileType = sourcecode.swift; path = SecondPamam.swift; sourceTree = "<group>"; };
/* End PBXFileReference section */

/* Begin PBXFrameworksBuildPhase section */
		3F0DC7E7238FC35300E33D5E /* Frameworks */ = {
			isa = PBXFrameworksBuildPhase;
			buildActionMask = 2147483647;
			files = (
			);
			runOnlyForDeploymentPostprocessing = 0;
		};
/* End PBXFrameworksBuildPhase section */

/* Begin PBXGroup section */
		3F0DC7E1238FC35300E33D5E = {
			isa = PBXGroup;
			children = (
				3F0DC7EC238FC35300E33D5E /* myNavigationController */,
				3F0DC7EB238FC35300E33D5E /* Products */,
			);
			sourceTree = "<group>";
		};
		3F0DC7EB238FC35300E33D5E /* Products */ = {
			isa = PBXGroup;
			children = (
				3F0DC7EA238FC35300E33D5E /* myNavigationController.app */,
			);
			name = Products;
			sourceTree = "<group>";
		};
		3F0DC7EC238FC35300E33D5E /* myNavigationController */ = {
			isa = PBXGroup;
			children = (
				3F0DC7ED238FC35300E33D5E /* AppDelegate.swift */,
				3F0DC7EF238FC35300E33D5E /* SceneDelegate.swift */,
				3F0DC7F1238FC35300E33D5E /* ViewController.swift */,
				3F0DC7F3238FC35300E33D5E /* Main.storyboard */,
				3F0DC807238FDCB900E33D5E /* SecondPamam.swift */,
				3F0DC805238FC89E00E33D5E /* PurpleViewController.swift */,
				3F0DC801238FC3C700E33D5E /* BlueViewController.swift */,
				3F0DC803238FC3DC00E33D5E /* YellowViewController.swift */,
				3F0DC7F6238FC35400E33D5E /* Assets.xcassets */,
				3F0DC7F8238FC35400E33D5E /* LaunchScreen.storyboard */,
				3F0DC7FB238FC35400E33D5E /* Info.plist */,
			);
			path = myNavigationController;
			sourceTree = "<group>";
		};
/* End PBXGroup section */

/* Begin PBXNativeTarget section */
		3F0DC7E9238FC35300E33D5E /* myNavigationController */ = {
			isa = PBXNativeTarget;
			buildConfigurationList = 3F0DC7FE238FC35400E33D5E /* Build configuration list for PBXNativeTarget "myNavigationController" */;
			buildPhases = (
				3F0DC7E6238FC35300E33D5E /* Sources */,
				3F0DC7E7238FC35300E33D5E /* Frameworks */,
				3F0DC7E8238FC35300E33D5E /* Resources */,
			);
			buildRules = (
			);
			dependencies = (
			);
			name = myNavigationController;
			productName = myNavigationController;
			productReference = 3F0DC7EA238FC35300E33D5E /* myNavigationController.app */;
			productType = "com.apple.product-type.application";
		};
/* End PBXNativeTarget section */

/* Begin PBXProject section */
		3F0DC7E2238FC35300E33D5E /* Project object */ = {
			isa = PBXProject;
			attributes = {
				LastSwiftUpdateCheck = 1110;
				LastUpgradeCheck = 1110;
				ORGANIZATIONNAME = 2017110517;
				TargetAttributes = {
					3F0DC7E9238FC35300E33D5E = {
						CreatedOnToolsVersion = 11.1;
					};
				};
			};
			buildConfigurationList = 3F0DC7E5238FC35300E33D5E /* Build configuration list for PBXProject "myNavigationController" */;
			compatibilityVersion = "Xcode 9.3";
			developmentRegion = en;
			hasScannedForEncodings = 0;
			knownRegions = (
				en,
				Base,
			);
			mainGroup = 3F0DC7E1238FC35300E33D5E;
			productRefGroup = 3F0DC7EB238FC35300E33D5E /* Products */;
			projectDirPath = "";
			projectRoot = "";
			targets = (
				3F0DC7E9238FC35300E33D5E /* myNavigationController */,
			);
		};
/* End PBXProject section */

/* Begin PBXResourcesBuildPhase section */
		3F0DC7E8238FC35300E33D5E /* Resources */ = {
			isa = PBXResourcesBuildPhase;
			buildActionMask = 2147483647;
			files = (
				3F0DC7FA238FC35400E33D5E /* LaunchScreen.storyboard in Resources */,
				3F0DC7F7238FC35400E33D5E /* Assets.xcassets in Resources */,
				3F0DC7F5238FC35300E33D5E /* Main.storyboard in Resources */,
			);
			runOnlyForDeploymentPostprocessing = 0;
		};
/* End PBXResourcesBuildPhase section */

/* Begin PBXSourcesBuildPhase section */
		3F0DC7E6238FC35300E33D5E /* Sources */ = {
			isa = PBXSourcesBuildPhase;
			buildActionMask = 2147483647;
			files = (
				3F0DC7F2238FC35300E33D5E /* ViewController.swift in Sources */,
				3F0DC7EE238FC35300E33D5E /* AppDelegate.swift in Sources */,
				3F0DC806238FC89E00E33D5E /* PurpleViewController.swift in Sources */,
				3F0DC802238FC3C700E33D5E /* BlueViewController.swift in Sources */,
				3F0DC7F0238FC35300E33D5E /* SceneDelegate.swift in Sources */,
				3F0DC804238FC3DC00E33D5E /* YellowViewController.swift in Sources */,
				3F0DC808238FDCB900E33D5E /* SecondPamam.swift in Sources */,
			);
			runOnlyForDeploymentPostprocessing = 0;
		};
/* End PBXSourcesBuildPhase section */

/* Begin PBXVariantGroup section */
		3F0DC7F3238FC35300E33D5E /* Main.storyboard */ = {
			isa = PBXVariantGroup;
			children = (
				3F0DC7F4238FC35300E33D5E /* Base */,
			);
			name = Main.storyboard;
			sourceTree = "<group>";
		};
		3F0DC7F8238FC35400E33D5E /* LaunchScreen.storyboard */ = {
			isa = PBXVariantGroup;
			children = (
				3F0DC7F9238FC35400E33D5E /* Base */,
			);
			name = LaunchScreen.storyboard;
			sourceTree = "<group>";
		};
/* End PBXVariantGroup section */

/* Begin XCBuildConfiguration section */
		3F0DC7FC238FC35400E33D5E /* Debug */ = {
			isa = XCBuildConfiguration;
			buildSettings = {
				ALWAYS_SEARCH_USER_PATHS = NO;
				CLANG_ANALYZER_NONNULL = YES;
				CLANG_ANALYZER_NUMBER_OBJECT_CONVERSION = YES_AGGRESSIVE;
				CLANG_CXX_LANGUAGE_STANDARD = "gnu++14";
				CLANG_CXX_LIBRARY = "libc++";
				CLANG_ENABLE_MODULES = YES;
				CLANG_ENABLE_OBJC_ARC = YES;
				CLANG_ENABLE_OBJC_WEAK = YES;
				CLANG_WARN_BLOCK_CAPTURE_AUTORELEASING = YES;
				CLANG_WARN_BOOL_CONVERSION = YES;
				CLANG_WARN_COMMA = YES;
				CLANG_WARN_CONSTANT_CONVERSION = YES;
				CLANG_WARN_DEPRECATED_OBJC_IMPLEMENTATIONS = YES;
				CLANG_WARN_DIRECT_OBJC_ISA_USAGE = YES_ERROR;
				CLANG_WARN_DOCUMENTATION_COMMENTS = YES;
				CLANG_WARN_EMPTY_BODY = YES;
				CLANG_WARN_ENUM_CONVERSION = YES;
				CLANG_WARN_INFINITE_RECURSION = YES;
				CLANG_WARN_INT_CONVERSION = YES;
				CLANG_WARN_NON_LITERAL_NULL_CONVERSION = YES;
				CLANG_WARN_OBJC_IMPLICIT_RETAIN_SELF = YES;
				CLANG_WARN_OBJC_LITERAL_CONVERSION = YES;
				CLANG_WARN_OBJC_ROOT_CLASS = YES_ERROR;
				CLANG_WARN_RANGE_LOOP_ANALYSIS = YES;
				CLANG_WARN_STRICT_PROTOTYPES = YES;
				CLANG_WARN_SUSPICIOUS_MOVE = YES;
				CLANG_WARN_UNGUARDED_AVAILABILITY = YES_AGGRESSIVE;
				CLANG_WARN_UNREACHABLE_CODE = YES;
				CLANG_WARN__DUPLICATE_METHOD_MATCH = YES;
				COPY_PHASE_STRIP = NO;
				DEBUG_INFORMATION_FORMAT = dwarf;
				ENABLE_STRICT_OBJC_MSGSEND = YES;
				ENABLE_TESTABILITY = YES;
				GCC_C_LANGUAGE_STANDARD = gnu11;
				GCC_DYNAMIC_NO_PIC = NO;
				GCC_NO_COMMON_BLOCKS = YES;
				GCC_OPTIMIZATION_LEVEL = 0;
				GCC_PREPROCESSOR_DEFINITIONS = (
					"DEBUG=1",
					"$(inherited)",
				);
				GCC_WARN_64_TO_32_BIT_CONVERSION = YES;
				GCC_WARN_ABOUT_RETURN_TYPE = YES_ERROR;
				GCC_WARN_UNDECLARED_SELECTOR = YES;
				GCC_WARN_UNINITIALIZED_AUTOS = YES_AGGRESSIVE;
				GCC_WARN_UNUSED_FUNCTION = YES;
				GCC_WARN_UNUSED_VARIABLE = YES;
				IPHONEOS_DEPLOYMENT_TARGET = 13.1;
				MTL_ENABLE_DEBUG_INFO = INCLUDE_SOURCE;
				MTL_FAST_MATH = YES;
				ONLY_ACTIVE_ARCH = YES;
				SDKROOT = iphoneos;
				SWIFT_ACTIVE_COMPILATION_CONDITIONS = DEBUG;
				SWIFT_OPTIMIZATION_LEVEL = "-Onone";
			};
			name = Debug;
		};
		3F0DC7FD238FC35400E33D5E /* Release */ = {
			isa = XCBuildConfiguration;
			buildSettings = {
				ALWAYS_SEARCH_USER_PATHS = NO;
				CLANG_ANALYZER_NONNULL = YES;
				CLANG_ANALYZER_NUMBER_OBJECT_CONVERSION = YES_AGGRESSIVE;
				CLANG_CXX_LANGUAGE_STANDARD = "gnu++14";
				CLANG_CXX_LIBRARY = "libc++";
				CLANG_ENABLE_MODULES = YES;
				CLANG_ENABLE_OBJC_ARC = YES;
				CLANG_ENABLE_OBJC_WEAK = YES;
				CLANG_WARN_BLOCK_CAPTURE_AUTORELEASING = YES;
				CLANG_WARN_BOOL_CONVERSION = YES;
				CLANG_WARN_COMMA = YES;
				CLANG_WARN_CONSTANT_CONVERSION = YES;
				CLANG_WARN_DEPRECATED_OBJC_IMPLEMENTATIONS = YES;
				CLANG_WARN_DIRECT_OBJC_ISA_USAGE = YES_ERROR;
				CLANG_WARN_DOCUMENTATION_COMMENTS = YES;
				CLANG_WARN_EMPTY_BODY = YES;
				CLANG_WARN_ENUM_CONVERSION = YES;
				CLANG_WARN_INFINITE_RECURSION = YES;
				CLANG_WARN_INT_CONVERSION = YES;
				CLANG_WARN_NON_LITERAL_NULL_CONVERSION = YES;
				CLANG_WARN_OBJC_IMPLICIT_RETAIN_SELF = YES;
				CLANG_WARN_OBJC_LITERAL_CONVERSION = YES;
				CLANG_WARN_OBJC_ROOT_CLASS = YES_ERROR;
				CLANG_WARN_RANGE_LOOP_ANALYSIS = YES;
				CLANG_WARN_STRICT_PROTOTYPES = YES;
				CLANG_WARN_SUSPICIOUS_MOVE = YES;
				CLANG_WARN_UNGUARDED_AVAILABILITY = YES_AGGRESSIVE;
				CLANG_WARN_UNREACHABLE_CODE = YES;
				CLANG_WARN__DUPLICATE_METHOD_MATCH = YES;
				COPY_PHASE_STRIP = NO;
				DEBUG_INFORMATION_FORMAT = "dwarf-with-dsym";
				ENABLE_NS_ASSERTIONS = NO;
				ENABLE_STRICT_OBJC_MSGSEND = YES;
				GCC_C_LANGUAGE_STANDARD = gnu11;
				GCC_NO_COMMON_BLOCKS = YES;
				GCC_WARN_64_TO_32_BIT_CONVERSION = YES;
				GCC_WARN_ABOUT_RETURN_TYPE = YES_ERROR;
				GCC_WARN_UNDECLARED_SELECTOR = YES;
				GCC_WARN_UNINITIALIZED_AUTOS = YES_AGGRESSIVE;
				GCC_WARN_UNUSED_FUNCTION = YES;
				GCC_WARN_UNUSED_VARIABLE = YES;
				IPHONEOS_DEPLOYMENT_TARGET = 13.1;
				MTL_ENABLE_DEBUG_INFO = NO;
				MTL_FAST_MATH = YES;
				SDKROOT = iphoneos;
				SWIFT_COMPILATION_MODE = wholemodule;
				SWIFT_OPTIMIZATION_LEVEL = "-O";
				VALIDATE_PRODUCT = YES;
			};
			name = Release;
		};
		3F0DC7FF238FC35400E33D5E /* Debug */ = {
			isa = XCBuildConfiguration;
			buildSettings = {
				ASSETCATALOG_COMPILER_APPICON_NAME = AppIcon;
				CODE_SIGN_STYLE = Automatic;
				INFOPLIST_FILE = myNavigationController/Info.plist;
				LD_RUNPATH_SEARCH_PATHS = (
					"$(inherited)",
					"@executable_path/Frameworks",
				);
				PRODUCT_BUNDLE_IDENTIFIER = "--.myNavigationController";
				PRODUCT_NAME = "$(TARGET_NAME)";
				SWIFT_VERSION = 5.0;
				TARGETED_DEVICE_FAMILY = "1,2";
			};
			name = Debug;
		};
		3F0DC800238FC35400E33D5E /* Release */ = {
			isa = XCBuildConfiguration;
			buildSettings = {
				ASSETCATALOG_COMPILER_APPICON_NAME = AppIcon;
				CODE_SIGN_STYLE = Automatic;
				INFOPLIST_FILE = myNavigationController/Info.plist;
				LD_RUNPATH_SEARCH_PATHS = (
					"$(inherited)",
					"@executable_path/Frameworks",
				);
				PRODUCT_BUNDLE_IDENTIFIER = "--.myNavigationController";
				PRODUCT_NAME = "$(TARGET_NAME)";
				SWIFT_VERSION = 5.0;
				TARGETED_DEVICE_FAMILY = "1,2";
			};
			name = Release;
		};
/* End XCBuildConfiguration section */

/* Begin XCConfigurationList section */
		3F0DC7E5238FC35300E33D5E /* Build configuration list for PBXProject "myNavigationController" */ = {
			isa = XCConfigurationList;
			buildConfigurations = (
				3F0DC7FC238FC35400E33D5E /* Debug */,
				3F0DC7FD238FC35400E33D5E /* Release */,
			);
			defaultConfigurationIsVisible = 0;
			defaultConfigurationName = Release;
		};
		3F0DC7FE238FC35400E33D5E /* Build configuration list for PBXNativeTarget "myNavigationController" */ = {
			isa = XCConfigurationList;
			buildConfigurations = (
				3F0DC7FF238FC35400E33D5E /* Debug */,
				3F0DC800238FC35400E33D5E /* Release */,
			);
			defaultConfigurationIsVisible = 0;
			defaultConfigurationName = Release;
		};
/* End XCConfigurationList section */
	};
	rootObject = 3F0DC7E2238FC35300E33D5E /* Project object */;
}
