// !$*UTF8*$!
{
	archiveVersion = 1;
	classes = {
	};
	objectVersion = 50;
	objects = {

/* Begin PBXBuildFile section */
		C60E183923973A8C006F4AF8 /* AppDelegate.swift in Sources */ = {isa = PBXBuildFile; fileRef = C60E183823973A8C006F4AF8 /* AppDelegate.swift */; };
		C60E183B23973A8C006F4AF8 /* SceneDelegate.swift in Sources */ = {isa = PBXBuildFile; fileRef = C60E183A23973A8C006F4AF8 /* SceneDelegate.swift */; };
		C60E183D23973A8C006F4AF8 /* ViewController.swift in Sources */ = {isa = PBXBuildFile; fileRef = C60E183C23973A8C006F4AF8 /* ViewController.swift */; };
		C60E184023973A8C006F4AF8 /* Main.storyboard in Resources */ = {isa = PBXBuildFile; fileRef = C60E183E23973A8C006F4AF8 /* Main.storyboard */; };
		C60E184223973A8D006F4AF8 /* Assets.xcassets in Resources */ = {isa = PBXBuildFile; fileRef = C60E184123973A8D006F4AF8 /* Assets.xcassets */; };
		C60E184523973A8D006F4AF8 /* LaunchScreen.storyboard in Resources */ = {isa = PBXBuildFile; fileRef = C60E184323973A8D006F4AF8 /* LaunchScreen.storyboard */; };
		C60E185123973C05006F4AF8 /* SQLiteDB in Resources */ = {isa = PBXBuildFile; fileRef = C60E185023973C05006F4AF8 /* SQLiteDB */; };
		C60E185F23973CFB006F4AF8 /* SQLiteDB.swift in Sources */ = {isa = PBXBuildFile; fileRef = C60E185B23973CFB006F4AF8 /* SQLiteDB.swift */; };
		C60E186023973CFB006F4AF8 /* SQLTable.swift in Sources */ = {isa = PBXBuildFile; fileRef = C60E185C23973CFB006F4AF8 /* SQLTable.swift */; };
		C60E186123973CFB006F4AF8 /* CloudDB.swift in Sources */ = {isa = PBXBuildFile; fileRef = C60E185D23973CFB006F4AF8 /* CloudDB.swift */; };
		C60E186223973CFB006F4AF8 /* SQLiteBase.swift in Sources */ = {isa = PBXBuildFile; fileRef = C60E185E23973CFB006F4AF8 /* SQLiteBase.swift */; };
		C60E186423973D75006F4AF8 /* data.db in Resources */ = {isa = PBXBuildFile; fileRef = C60E186323973D75006F4AF8 /* data.db */; };
/* End PBXBuildFile section */

/* Begin PBXFileReference section */
		C60E183523973A8C006F4AF8 /* SQLiteDemo.app */ = {isa = PBXFileReference; explicitFileType = wrapper.application; includeInIndex = 0; path = SQLiteDemo.app; sourceTree = BUILT_PRODUCTS_DIR; };
		C60E183823973A8C006F4AF8 /* AppDelegate.swift */ = {isa = PBXFileReference; lastKnownFileType = sourcecode.swift; path = AppDelegate.swift; sourceTree = "<group>"; };
		C60E183A23973A8C006F4AF8 /* SceneDelegate.swift */ = {isa = PBXFileReference; lastKnownFileType = sourcecode.swift; path = SceneDelegate.swift; sourceTree = "<group>"; };
		C60E183C23973A8C006F4AF8 /* ViewController.swift */ = {isa = PBXFileReference; lastKnownFileType = sourcecode.swift; path = ViewController.swift; sourceTree = "<group>"; };
		C60E183F23973A8C006F4AF8 /* Base */ = {isa = PBXFileReference; lastKnownFileType = file.storyboard; name = Base; path = Base.lproj/Main.storyboard; sourceTree = "<group>"; };
		C60E184123973A8D006F4AF8 /* Assets.xcassets */ = {isa = PBXFileReference; lastKnownFileType = folder.assetcatalog; path = Assets.xcassets; sourceTree = "<group>"; };
		C60E184423973A8D006F4AF8 /* Base */ = {isa = PBXFileReference; lastKnownFileType = file.storyboard; name = Base; path = Base.lproj/LaunchScreen.storyboard; sourceTree = "<group>"; };
		C60E184623973A8D006F4AF8 /* Info.plist */ = {isa = PBXFileReference; lastKnownFileType = text.plist.xml; path = Info.plist; sourceTree = "<group>"; };
		C60E184F23973B85006F4AF8 /* libsqlite3.tbd */ = {isa = PBXFileReference; lastKnownFileType = "sourcecode.text-based-dylib-definition"; name = libsqlite3.tbd; path = usr/lib/libsqlite3.tbd; sourceTree = SDKROOT; };
		C60E185023973C05006F4AF8 /* SQLiteDB */ = {isa = PBXFileReference; lastKnownFileType = folder; path = SQLiteDB; sourceTree = "<group>"; };
		C60E185B23973CFB006F4AF8 /* SQLiteDB.swift */ = {isa = PBXFileReference; fileEncoding = 4; lastKnownFileType = sourcecode.swift; path = SQLiteDB.swift; sourceTree = "<group>"; };
		C60E185C23973CFB006F4AF8 /* SQLTable.swift */ = {isa = PBXFileReference; fileEncoding = 4; lastKnownFileType = sourcecode.swift; path = SQLTable.swift; sourceTree = "<group>"; };
		C60E185D23973CFB006F4AF8 /* CloudDB.swift */ = {isa = PBXFileReference; fileEncoding = 4; lastKnownFileType = sourcecode.swift; path = CloudDB.swift; sourceTree = "<group>"; };
		C60E185E23973CFB006F4AF8 /* SQLiteBase.swift */ = {isa = PBXFileReference; fileEncoding = 4; lastKnownFileType = sourcecode.swift; path = SQLiteBase.swift; sourceTree = "<group>"; };
		C60E186323973D75006F4AF8 /* data.db */ = {isa = PBXFileReference; fileEncoding = 4; lastKnownFileType = text; path = data.db; sourceTree = "<group>"; };
/* End PBXFileReference section */

/* Begin PBXFrameworksBuildPhase section */
		C60E183223973A8C006F4AF8 /* Frameworks */ = {
			isa = PBXFrameworksBuildPhase;
			buildActionMask = 2147483647;
			files = (
			);
			runOnlyForDeploymentPostprocessing = 0;
		};
/* End PBXFrameworksBuildPhase section */

/* Begin PBXGroup section */
		C60E182C23973A8C006F4AF8 = {
			isa = PBXGroup;
			children = (
				C60E185023973C05006F4AF8 /* SQLiteDB */,
				C60E183723973A8C006F4AF8 /* SQLiteDemo */,
				C60E183623973A8C006F4AF8 /* Products */,
				C60E184E23973B85006F4AF8 /* Frameworks */,
			);
			sourceTree = "<group>";
		};
		C60E183623973A8C006F4AF8 /* Products */ = {
			isa = PBXGroup;
			children = (
				C60E183523973A8C006F4AF8 /* SQLiteDemo.app */,
			);
			name = Products;
			sourceTree = "<group>";
		};
		C60E183723973A8C006F4AF8 /* SQLiteDemo */ = {
			isa = PBXGroup;
			children = (
				C60E186523973FD5006F4AF8 /* DB */,
				C60E183823973A8C006F4AF8 /* AppDelegate.swift */,
				C60E183A23973A8C006F4AF8 /* SceneDelegate.swift */,
				C60E183C23973A8C006F4AF8 /* ViewController.swift */,
				C60E183E23973A8C006F4AF8 /* Main.storyboard */,
				C60E184123973A8D006F4AF8 /* Assets.xcassets */,
				C60E184323973A8D006F4AF8 /* LaunchScreen.storyboard */,
				C60E184623973A8D006F4AF8 /* Info.plist */,
			);
			path = SQLiteDemo;
			sourceTree = "<group>";
		};
		C60E184E23973B85006F4AF8 /* Frameworks */ = {
			isa = PBXGroup;
			children = (
				C60E184F23973B85006F4AF8 /* libsqlite3.tbd */,
			);
			name = Frameworks;
			sourceTree = "<group>";
		};
		C60E186523973FD5006F4AF8 /* DB */ = {
			isa = PBXGroup;
			children = (
				C60E186323973D75006F4AF8 /* data.db */,
				C60E185D23973CFB006F4AF8 /* CloudDB.swift */,
				C60E185E23973CFB006F4AF8 /* SQLiteBase.swift */,
				C60E185B23973CFB006F4AF8 /* SQLiteDB.swift */,
				C60E185C23973CFB006F4AF8 /* SQLTable.swift */,
			);
			path = DB;
			sourceTree = "<group>";
		};
/* End PBXGroup section */

/* Begin PBXNativeTarget section */
		C60E183423973A8C006F4AF8 /* SQLiteDemo */ = {
			isa = PBXNativeTarget;
			buildConfigurationList = C60E184923973A8D006F4AF8 /* Build configuration list for PBXNativeTarget "SQLiteDemo" */;
			buildPhases = (
				C60E183123973A8C006F4AF8 /* Sources */,
				C60E183223973A8C006F4AF8 /* Frameworks */,
				C60E183323973A8C006F4AF8 /* Resources */,
			);
			buildRules = (
			);
			dependencies = (
			);
			name = SQLiteDemo;
			productName = SQLiteDemo;
			productReference = C60E183523973A8C006F4AF8 /* SQLiteDemo.app */;
			productType = "com.apple.product-type.application";
		};
/* End PBXNativeTarget section */

/* Begin PBXProject section */
		C60E182D23973A8C006F4AF8 /* Project object */ = {
			isa = PBXProject;
			attributes = {
				LastSwiftUpdateCheck = 1110;
				LastUpgradeCheck = 1110;
				ORGANIZATIONNAME = 20191102;
				TargetAttributes = {
					C60E183423973A8C006F4AF8 = {
						CreatedOnToolsVersion = 11.1;
					};
				};
			};
			buildConfigurationList = C60E183023973A8C006F4AF8 /* Build configuration list for PBXProject "SQLiteDemo" */;
			compatibilityVersion = "Xcode 9.3";
			developmentRegion = en;
			hasScannedForEncodings = 0;
			knownRegions = (
				en,
				Base,
			);
			mainGroup = C60E182C23973A8C006F4AF8;
			productRefGroup = C60E183623973A8C006F4AF8 /* Products */;
			projectDirPath = "";
			projectRoot = "";
			targets = (
				C60E183423973A8C006F4AF8 /* SQLiteDemo */,
			);
		};
/* End PBXProject section */

/* Begin PBXResourcesBuildPhase section */
		C60E183323973A8C006F4AF8 /* Resources */ = {
			isa = PBXResourcesBuildPhase;
			buildActionMask = 2147483647;
			files = (
				C60E185123973C05006F4AF8 /* SQLiteDB in Resources */,
				C60E184523973A8D006F4AF8 /* LaunchScreen.storyboard in Resources */,
				C60E186423973D75006F4AF8 /* data.db in Resources */,
				C60E184223973A8D006F4AF8 /* Assets.xcassets in Resources */,
				C60E184023973A8C006F4AF8 /* Main.storyboard in Resources */,
			);
			runOnlyForDeploymentPostprocessing = 0;
		};
/* End PBXResourcesBuildPhase section */

/* Begin PBXSourcesBuildPhase section */
		C60E183123973A8C006F4AF8 /* Sources */ = {
			isa = PBXSourcesBuildPhase;
			buildActionMask = 2147483647;
			files = (
				C60E183D23973A8C006F4AF8 /* ViewController.swift in Sources */,
				C60E185F23973CFB006F4AF8 /* SQLiteDB.swift in Sources */,
				C60E186223973CFB006F4AF8 /* SQLiteBase.swift in Sources */,
				C60E183923973A8C006F4AF8 /* AppDelegate.swift in Sources */,
				C60E183B23973A8C006F4AF8 /* SceneDelegate.swift in Sources */,
				C60E186023973CFB006F4AF8 /* SQLTable.swift in Sources */,
				C60E186123973CFB006F4AF8 /* CloudDB.swift in Sources */,
			);
			runOnlyForDeploymentPostprocessing = 0;
		};
/* End PBXSourcesBuildPhase section */

/* Begin PBXVariantGroup section */
		C60E183E23973A8C006F4AF8 /* Main.storyboard */ = {
			isa = PBXVariantGroup;
			children = (
				C60E183F23973A8C006F4AF8 /* Base */,
			);
			name = Main.storyboard;
			sourceTree = "<group>";
		};
		C60E184323973A8D006F4AF8 /* LaunchScreen.storyboard */ = {
			isa = PBXVariantGroup;
			children = (
				C60E184423973A8D006F4AF8 /* Base */,
			);
			name = LaunchScreen.storyboard;
			sourceTree = "<group>";
		};
/* End PBXVariantGroup section */

/* Begin XCBuildConfiguration section */
		C60E184723973A8D006F4AF8 /* Debug */ = {
			isa = XCBuildConfiguration;
			buildSettings = {
				ALWAYS_SEARCH_USER_PATHS = NO;
				CLANG_ANALYZER_NONNULL = YES;
				CLANG_ANALYZER_NUMBER_OBJECT_CONVERSION = YES_AGGRESSIVE;
				CLANG_CXX_LANGUAGE_STANDARD = "gnu++14";
				CLANG_CXX_LIBRARY = "libc++";
				CLANG_ENABLE_MODULES = YES;
				CLANG_ENABLE_OBJC_ARC = YES;
				CLANG_ENABLE_OBJC_WEAK = YES;
				CLANG_WARN_BLOCK_CAPTURE_AUTORELEASING = YES;
				CLANG_WARN_BOOL_CONVERSION = YES;
				CLANG_WARN_COMMA = YES;
				CLANG_WARN_CONSTANT_CONVERSION = YES;
				CLANG_WARN_DEPRECATED_OBJC_IMPLEMENTATIONS = YES;
				CLANG_WARN_DIRECT_OBJC_ISA_USAGE = YES_ERROR;
				CLANG_WARN_DOCUMENTATION_COMMENTS = YES;
				CLANG_WARN_EMPTY_BODY = YES;
				CLANG_WARN_ENUM_CONVERSION = YES;
				CLANG_WARN_INFINITE_RECURSION = YES;
				CLANG_WARN_INT_CONVERSION = YES;
				CLANG_WARN_NON_LITERAL_NULL_CONVERSION = YES;
				CLANG_WARN_OBJC_IMPLICIT_RETAIN_SELF = YES;
				CLANG_WARN_OBJC_LITERAL_CONVERSION = YES;
				CLANG_WARN_OBJC_ROOT_CLASS = YES_ERROR;
				CLANG_WARN_RANGE_LOOP_ANALYSIS = YES;
				CLANG_WARN_STRICT_PROTOTYPES = YES;
				CLANG_WARN_SUSPICIOUS_MOVE = YES;
				CLANG_WARN_UNGUARDED_AVAILABILITY = YES_AGGRESSIVE;
				CLANG_WARN_UNREACHABLE_CODE = YES;
				CLANG_WARN__DUPLICATE_METHOD_MATCH = YES;
				COPY_PHASE_STRIP = NO;
				DEBUG_INFORMATION_FORMAT = dwarf;
				ENABLE_STRICT_OBJC_MSGSEND = YES;
				ENABLE_TESTABILITY = YES;
				GCC_C_LANGUAGE_STANDARD = gnu11;
				GCC_DYNAMIC_NO_PIC = NO;
				GCC_NO_COMMON_BLOCKS = YES;
				GCC_OPTIMIZATION_LEVEL = 0;
				GCC_PREPROCESSOR_DEFINITIONS = (
					"DEBUG=1",
					"$(inherited)",
				);
				GCC_WARN_64_TO_32_BIT_CONVERSION = YES;
				GCC_WARN_ABOUT_RETURN_TYPE = YES_ERROR;
				GCC_WARN_UNDECLARED_SELECTOR = YES;
				GCC_WARN_UNINITIALIZED_AUTOS = YES_AGGRESSIVE;
				GCC_WARN_UNUSED_FUNCTION = YES;
				GCC_WARN_UNUSED_VARIABLE = YES;
				IPHONEOS_DEPLOYMENT_TARGET = 13.1;
				MTL_ENABLE_DEBUG_INFO = INCLUDE_SOURCE;
				MTL_FAST_MATH = YES;
				ONLY_ACTIVE_ARCH = YES;
				SDKROOT = iphoneos;
				SWIFT_ACTIVE_COMPILATION_CONDITIONS = DEBUG;
				SWIFT_OPTIMIZATION_LEVEL = "-Onone";
			};
			name = Debug;
		};
		C60E184823973A8D006F4AF8 /* Release */ = {
			isa = XCBuildConfiguration;
			buildSettings = {
				ALWAYS_SEARCH_USER_PATHS = NO;
				CLANG_ANALYZER_NONNULL = YES;
				CLANG_ANALYZER_NUMBER_OBJECT_CONVERSION = YES_AGGRESSIVE;
				CLANG_CXX_LANGUAGE_STANDARD = "gnu++14";
				CLANG_CXX_LIBRARY = "libc++";
				CLANG_ENABLE_MODULES = YES;
				CLANG_ENABLE_OBJC_ARC = YES;
				CLANG_ENABLE_OBJC_WEAK = YES;
				CLANG_WARN_BLOCK_CAPTURE_AUTORELEASING = YES;
				CLANG_WARN_BOOL_CONVERSION = YES;
				CLANG_WARN_COMMA = YES;
				CLANG_WARN_CONSTANT_CONVERSION = YES;
				CLANG_WARN_DEPRECATED_OBJC_IMPLEMENTATIONS = YES;
				CLANG_WARN_DIRECT_OBJC_ISA_USAGE = YES_ERROR;
				CLANG_WARN_DOCUMENTATION_COMMENTS = YES;
				CLANG_WARN_EMPTY_BODY = YES;
				CLANG_WARN_ENUM_CONVERSION = YES;
				CLANG_WARN_INFINITE_RECURSION = YES;
				CLANG_WARN_INT_CONVERSION = YES;
				CLANG_WARN_NON_LITERAL_NULL_CONVERSION = YES;
				CLANG_WARN_OBJC_IMPLICIT_RETAIN_SELF = YES;
				CLANG_WARN_OBJC_LITERAL_CONVERSION = YES;
				CLANG_WARN_OBJC_ROOT_CLASS = YES_ERROR;
				CLANG_WARN_RANGE_LOOP_ANALYSIS = YES;
				CLANG_WARN_STRICT_PROTOTYPES = YES;
				CLANG_WARN_SUSPICIOUS_MOVE = YES;
				CLANG_WARN_UNGUARDED_AVAILABILITY = YES_AGGRESSIVE;
				CLANG_WARN_UNREACHABLE_CODE = YES;
				CLANG_WARN__DUPLICATE_METHOD_MATCH = YES;
				COPY_PHASE_STRIP = NO;
				DEBUG_INFORMATION_FORMAT = "dwarf-with-dsym";
				ENABLE_NS_ASSERTIONS = NO;
				ENABLE_STRICT_OBJC_MSGSEND = YES;
				GCC_C_LANGUAGE_STANDARD = gnu11;
				GCC_NO_COMMON_BLOCKS = YES;
				GCC_WARN_64_TO_32_BIT_CONVERSION = YES;
				GCC_WARN_ABOUT_RETURN_TYPE = YES_ERROR;
				GCC_WARN_UNDECLARED_SELECTOR = YES;
				GCC_WARN_UNINITIALIZED_AUTOS = YES_AGGRESSIVE;
				GCC_WARN_UNUSED_FUNCTION = YES;
				GCC_WARN_UNUSED_VARIABLE = YES;
				IPHONEOS_DEPLOYMENT_TARGET = 13.1;
				MTL_ENABLE_DEBUG_INFO = NO;
				MTL_FAST_MATH = YES;
				SDKROOT = iphoneos;
				SWIFT_COMPILATION_MODE = wholemodule;
				SWIFT_OPTIMIZATION_LEVEL = "-O";
				VALIDATE_PRODUCT = YES;
			};
			name = Release;
		};
		C60E184A23973A8D006F4AF8 /* Debug */ = {
			isa = XCBuildConfiguration;
			buildSettings = {
				ASSETCATALOG_COMPILER_APPICON_NAME = AppIcon;
				CODE_SIGN_STYLE = Automatic;
				INFOPLIST_FILE = SQLiteDemo/Info.plist;
				LD_RUNPATH_SEARCH_PATHS = (
					"$(inherited)",
					"@executable_path/Frameworks",
				);
				PRODUCT_BUNDLE_IDENTIFIER = liguiyang.SQLiteDemo;
				PRODUCT_NAME = "$(TARGET_NAME)";
				SWIFT_OBJC_BRIDGING_HEADER = "SQLiteDB/Bridging-Header.h";
				SWIFT_VERSION = 5.0;
				TARGETED_DEVICE_FAMILY = "1,2";
			};
			name = Debug;
		};
		C60E184B23973A8D006F4AF8 /* Release */ = {
			isa = XCBuildConfiguration;
			buildSettings = {
				ASSETCATALOG_COMPILER_APPICON_NAME = AppIcon;
				CODE_SIGN_STYLE = Automatic;
				INFOPLIST_FILE = SQLiteDemo/Info.plist;
				LD_RUNPATH_SEARCH_PATHS = (
					"$(inherited)",
					"@executable_path/Frameworks",
				);
				PRODUCT_BUNDLE_IDENTIFIER = liguiyang.SQLiteDemo;
				PRODUCT_NAME = "$(TARGET_NAME)";
				SWIFT_OBJC_BRIDGING_HEADER = "SQLiteDB/Bridging-Header.h";
				SWIFT_VERSION = 5.0;
				TARGETED_DEVICE_FAMILY = "1,2";
			};
			name = Release;
		};
/* End XCBuildConfiguration section */

/* Begin XCConfigurationList section */
		C60E183023973A8C006F4AF8 /* Build configuration list for PBXProject "SQLiteDemo" */ = {
			isa = XCConfigurationList;
			buildConfigurations = (
				C60E184723973A8D006F4AF8 /* Debug */,
				C60E184823973A8D006F4AF8 /* Release */,
			);
			defaultConfigurationIsVisible = 0;
			defaultConfigurationName = Release;
		};
		C60E184923973A8D006F4AF8 /* Build configuration list for PBXNativeTarget "SQLiteDemo" */ = {
			isa = XCConfigurationList;
			buildConfigurations = (
				C60E184A23973A8D006F4AF8 /* Debug */,
				C60E184B23973A8D006F4AF8 /* Release */,
			);
			defaultConfigurationIsVisible = 0;
			defaultConfigurationName = Release;
		};
/* End XCConfigurationList section */
	};
	rootObject = C60E182D23973A8C006F4AF8 /* Project object */;
}
