// !$*UTF8*$!
{
	archiveVersion = 1;
	classes = {
	};
	objectVersion = 50;
	objects = {

/* Begin PBXBuildFile section */
		C6BB123D2371760900466CE7 /* AppDelegate.swift in Sources */ = {isa = PBXBuildFile; fileRef = C6BB123C2371760900466CE7 /* AppDelegate.swift */; };
		C6BB123F2371760900466CE7 /* SceneDelegate.swift in Sources */ = {isa = PBXBuildFile; fileRef = C6BB123E2371760900466CE7 /* SceneDelegate.swift */; };
		C6BB12412371760900466CE7 /* ViewController.swift in Sources */ = {isa = PBXBuildFile; fileRef = C6BB12402371760900466CE7 /* ViewController.swift */; };
		C6BB12442371760900466CE7 /* Main.storyboard in Resources */ = {isa = PBXBuildFile; fileRef = C6BB12422371760900466CE7 /* Main.storyboard */; };
		C6BB12462371760F00466CE7 /* Assets.xcassets in Resources */ = {isa = PBXBuildFile; fileRef = C6BB12452371760F00466CE7 /* Assets.xcassets */; };
		C6BB12492371760F00466CE7 /* LaunchScreen.storyboard in Resources */ = {isa = PBXBuildFile; fileRef = C6BB12472371760F00466CE7 /* LaunchScreen.storyboard */; };
		C6BB12512371762F00466CE7 /* Images in Resources */ = {isa = PBXBuildFile; fileRef = C6BB12502371762F00466CE7 /* Images */; };
		C6BB12532371767900466CE7 /* ClockView.swift in Sources */ = {isa = PBXBuildFile; fileRef = C6BB12522371767900466CE7 /* ClockView.swift */; };
/* End PBXBuildFile section */

/* Begin PBXFileReference section */
		C6BB12392371760900466CE7 /* ClockViewDemo.app */ = {isa = PBXFileReference; explicitFileType = wrapper.application; includeInIndex = 0; path = ClockViewDemo.app; sourceTree = BUILT_PRODUCTS_DIR; };
		C6BB123C2371760900466CE7 /* AppDelegate.swift */ = {isa = PBXFileReference; lastKnownFileType = sourcecode.swift; path = AppDelegate.swift; sourceTree = "<group>"; };
		C6BB123E2371760900466CE7 /* SceneDelegate.swift */ = {isa = PBXFileReference; lastKnownFileType = sourcecode.swift; path = SceneDelegate.swift; sourceTree = "<group>"; };
		C6BB12402371760900466CE7 /* ViewController.swift */ = {isa = PBXFileReference; lastKnownFileType = sourcecode.swift; path = ViewController.swift; sourceTree = "<group>"; };
		C6BB12432371760900466CE7 /* Base */ = {isa = PBXFileReference; lastKnownFileType = file.storyboard; name = Base; path = Base.lproj/Main.storyboard; sourceTree = "<group>"; };
		C6BB12452371760F00466CE7 /* Assets.xcassets */ = {isa = PBXFileReference; lastKnownFileType = folder.assetcatalog; path = Assets.xcassets; sourceTree = "<group>"; };
		C6BB12482371760F00466CE7 /* Base */ = {isa = PBXFileReference; lastKnownFileType = file.storyboard; name = Base; path = Base.lproj/LaunchScreen.storyboard; sourceTree = "<group>"; };
		C6BB124A2371760F00466CE7 /* Info.plist */ = {isa = PBXFileReference; lastKnownFileType = text.plist.xml; path = Info.plist; sourceTree = "<group>"; };
		C6BB12502371762F00466CE7 /* Images */ = {isa = PBXFileReference; lastKnownFileType = folder; path = Images; sourceTree = "<group>"; };
		C6BB12522371767900466CE7 /* ClockView.swift */ = {isa = PBXFileReference; lastKnownFileType = sourcecode.swift; path = ClockView.swift; sourceTree = "<group>"; };
/* End PBXFileReference section */

/* Begin PBXFrameworksBuildPhase section */
		C6BB12362371760900466CE7 /* Frameworks */ = {
			isa = PBXFrameworksBuildPhase;
			buildActionMask = 2147483647;
			files = (
			);
			runOnlyForDeploymentPostprocessing = 0;
		};
/* End PBXFrameworksBuildPhase section */

/* Begin PBXGroup section */
		C6BB12302371760900466CE7 = {
			isa = PBXGroup;
			children = (
				C6BB123B2371760900466CE7 /* ClockViewDemo */,
				C6BB123A2371760900466CE7 /* Products */,
			);
			sourceTree = "<group>";
		};
		C6BB123A2371760900466CE7 /* Products */ = {
			isa = PBXGroup;
			children = (
				C6BB12392371760900466CE7 /* ClockViewDemo.app */,
			);
			name = Products;
			sourceTree = "<group>";
		};
		C6BB123B2371760900466CE7 /* ClockViewDemo */ = {
			isa = PBXGroup;
			children = (
				C6BB123C2371760900466CE7 /* AppDelegate.swift */,
				C6BB123E2371760900466CE7 /* SceneDelegate.swift */,
				C6BB12402371760900466CE7 /* ViewController.swift */,
				C6BB12422371760900466CE7 /* Main.storyboard */,
				C6BB12522371767900466CE7 /* ClockView.swift */,
				C6BB12452371760F00466CE7 /* Assets.xcassets */,
				C6BB12502371762F00466CE7 /* Images */,
				C6BB12472371760F00466CE7 /* LaunchScreen.storyboard */,
				C6BB124A2371760F00466CE7 /* Info.plist */,
			);
			path = ClockViewDemo;
			sourceTree = "<group>";
		};
/* End PBXGroup section */

/* Begin PBXNativeTarget section */
		C6BB12382371760900466CE7 /* ClockViewDemo */ = {
			isa = PBXNativeTarget;
			buildConfigurationList = C6BB124D2371760F00466CE7 /* Build configuration list for PBXNativeTarget "ClockViewDemo" */;
			buildPhases = (
				C6BB12352371760900466CE7 /* Sources */,
				C6BB12362371760900466CE7 /* Frameworks */,
				C6BB12372371760900466CE7 /* Resources */,
			);
			buildRules = (
			);
			dependencies = (
			);
			name = ClockViewDemo;
			productName = ClockViewDemo;
			productReference = C6BB12392371760900466CE7 /* ClockViewDemo.app */;
			productType = "com.apple.product-type.application";
		};
/* End PBXNativeTarget section */

/* Begin PBXProject section */
		C6BB12312371760900466CE7 /* Project object */ = {
			isa = PBXProject;
			attributes = {
				LastSwiftUpdateCheck = 1110;
				LastUpgradeCheck = 1110;
				ORGANIZATIONNAME = liguiyang;
				TargetAttributes = {
					C6BB12382371760900466CE7 = {
						CreatedOnToolsVersion = 11.1;
					};
				};
			};
			buildConfigurationList = C6BB12342371760900466CE7 /* Build configuration list for PBXProject "ClockViewDemo" */;
			compatibilityVersion = "Xcode 9.3";
			developmentRegion = en;
			hasScannedForEncodings = 0;
			knownRegions = (
				en,
				Base,
			);
			mainGroup = C6BB12302371760900466CE7;
			productRefGroup = C6BB123A2371760900466CE7 /* Products */;
			projectDirPath = "";
			projectRoot = "";
			targets = (
				C6BB12382371760900466CE7 /* ClockViewDemo */,
			);
		};
/* End PBXProject section */

/* Begin PBXResourcesBuildPhase section */
		C6BB12372371760900466CE7 /* Resources */ = {
			isa = PBXResourcesBuildPhase;
			buildActionMask = 2147483647;
			files = (
				C6BB12512371762F00466CE7 /* Images in Resources */,
				C6BB12492371760F00466CE7 /* LaunchScreen.storyboard in Resources */,
				C6BB12462371760F00466CE7 /* Assets.xcassets in Resources */,
				C6BB12442371760900466CE7 /* Main.storyboard in Resources */,
			);
			runOnlyForDeploymentPostprocessing = 0;
		};
/* End PBXResourcesBuildPhase section */

/* Begin PBXSourcesBuildPhase section */
		C6BB12352371760900466CE7 /* Sources */ = {
			isa = PBXSourcesBuildPhase;
			buildActionMask = 2147483647;
			files = (
				C6BB12412371760900466CE7 /* ViewController.swift in Sources */,
				C6BB12532371767900466CE7 /* ClockView.swift in Sources */,
				C6BB123D2371760900466CE7 /* AppDelegate.swift in Sources */,
				C6BB123F2371760900466CE7 /* SceneDelegate.swift in Sources */,
			);
			runOnlyForDeploymentPostprocessing = 0;
		};
/* End PBXSourcesBuildPhase section */

/* Begin PBXVariantGroup section */
		C6BB12422371760900466CE7 /* Main.storyboard */ = {
			isa = PBXVariantGroup;
			children = (
				C6BB12432371760900466CE7 /* Base */,
			);
			name = Main.storyboard;
			sourceTree = "<group>";
		};
		C6BB12472371760F00466CE7 /* LaunchScreen.storyboard */ = {
			isa = PBXVariantGroup;
			children = (
				C6BB12482371760F00466CE7 /* Base */,
			);
			name = LaunchScreen.storyboard;
			sourceTree = "<group>";
		};
/* End PBXVariantGroup section */

/* Begin XCBuildConfiguration section */
		C6BB124B2371760F00466CE7 /* Debug */ = {
			isa = XCBuildConfiguration;
			buildSettings = {
				ALWAYS_SEARCH_USER_PATHS = NO;
				CLANG_ANALYZER_NONNULL = YES;
				CLANG_ANALYZER_NUMBER_OBJECT_CONVERSION = YES_AGGRESSIVE;
				CLANG_CXX_LANGUAGE_STANDARD = "gnu++14";
				CLANG_CXX_LIBRARY = "libc++";
				CLANG_ENABLE_MODULES = YES;
				CLANG_ENABLE_OBJC_ARC = YES;
				CLANG_ENABLE_OBJC_WEAK = YES;
				CLANG_WARN_BLOCK_CAPTURE_AUTORELEASING = YES;
				CLANG_WARN_BOOL_CONVERSION = YES;
				CLANG_WARN_COMMA = YES;
				CLANG_WARN_CONSTANT_CONVERSION = YES;
				CLANG_WARN_DEPRECATED_OBJC_IMPLEMENTATIONS = YES;
				CLANG_WARN_DIRECT_OBJC_ISA_USAGE = YES_ERROR;
				CLANG_WARN_DOCUMENTATION_COMMENTS = YES;
				CLANG_WARN_EMPTY_BODY = YES;
				CLANG_WARN_ENUM_CONVERSION = YES;
				CLANG_WARN_INFINITE_RECURSION = YES;
				CLANG_WARN_INT_CONVERSION = YES;
				CLANG_WARN_NON_LITERAL_NULL_CONVERSION = YES;
				CLANG_WARN_OBJC_IMPLICIT_RETAIN_SELF = YES;
				CLANG_WARN_OBJC_LITERAL_CONVERSION = YES;
				CLANG_WARN_OBJC_ROOT_CLASS = YES_ERROR;
				CLANG_WARN_RANGE_LOOP_ANALYSIS = YES;
				CLANG_WARN_STRICT_PROTOTYPES = YES;
				CLANG_WARN_SUSPICIOUS_MOVE = YES;
				CLANG_WARN_UNGUARDED_AVAILABILITY = YES_AGGRESSIVE;
				CLANG_WARN_UNREACHABLE_CODE = YES;
				CLANG_WARN__DUPLICATE_METHOD_MATCH = YES;
				COPY_PHASE_STRIP = NO;
				DEBUG_INFORMATION_FORMAT = dwarf;
				ENABLE_STRICT_OBJC_MSGSEND = YES;
				ENABLE_TESTABILITY = YES;
				GCC_C_LANGUAGE_STANDARD = gnu11;
				GCC_DYNAMIC_NO_PIC = NO;
				GCC_NO_COMMON_BLOCKS = YES;
				GCC_OPTIMIZATION_LEVEL = 0;
				GCC_PREPROCESSOR_DEFINITIONS = (
					"DEBUG=1",
					"$(inherited)",
				);
				GCC_WARN_64_TO_32_BIT_CONVERSION = YES;
				GCC_WARN_ABOUT_RETURN_TYPE = YES_ERROR;
				GCC_WARN_UNDECLARED_SELECTOR = YES;
				GCC_WARN_UNINITIALIZED_AUTOS = YES_AGGRESSIVE;
				GCC_WARN_UNUSED_FUNCTION = YES;
				GCC_WARN_UNUSED_VARIABLE = YES;
				IPHONEOS_DEPLOYMENT_TARGET = 13.1;
				MTL_ENABLE_DEBUG_INFO = INCLUDE_SOURCE;
				MTL_FAST_MATH = YES;
				ONLY_ACTIVE_ARCH = YES;
				SDKROOT = iphoneos;
				SWIFT_ACTIVE_COMPILATION_CONDITIONS = DEBUG;
				SWIFT_OPTIMIZATION_LEVEL = "-Onone";
			};
			name = Debug;
		};
		C6BB124C2371760F00466CE7 /* Release */ = {
			isa = XCBuildConfiguration;
			buildSettings = {
				ALWAYS_SEARCH_USER_PATHS = NO;
				CLANG_ANALYZER_NONNULL = YES;
				CLANG_ANALYZER_NUMBER_OBJECT_CONVERSION = YES_AGGRESSIVE;
				CLANG_CXX_LANGUAGE_STANDARD = "gnu++14";
				CLANG_CXX_LIBRARY = "libc++";
				CLANG_ENABLE_MODULES = YES;
				CLANG_ENABLE_OBJC_ARC = YES;
				CLANG_ENABLE_OBJC_WEAK = YES;
				CLANG_WARN_BLOCK_CAPTURE_AUTORELEASING = YES;
				CLANG_WARN_BOOL_CONVERSION = YES;
				CLANG_WARN_COMMA = YES;
				CLANG_WARN_CONSTANT_CONVERSION = YES;
				CLANG_WARN_DEPRECATED_OBJC_IMPLEMENTATIONS = YES;
				CLANG_WARN_DIRECT_OBJC_ISA_USAGE = YES_ERROR;
				CLANG_WARN_DOCUMENTATION_COMMENTS = YES;
				CLANG_WARN_EMPTY_BODY = YES;
				CLANG_WARN_ENUM_CONVERSION = YES;
				CLANG_WARN_INFINITE_RECURSION = YES;
				CLANG_WARN_INT_CONVERSION = YES;
				CLANG_WARN_NON_LITERAL_NULL_CONVERSION = YES;
				CLANG_WARN_OBJC_IMPLICIT_RETAIN_SELF = YES;
				CLANG_WARN_OBJC_LITERAL_CONVERSION = YES;
				CLANG_WARN_OBJC_ROOT_CLASS = YES_ERROR;
				CLANG_WARN_RANGE_LOOP_ANALYSIS = YES;
				CLANG_WARN_STRICT_PROTOTYPES = YES;
				CLANG_WARN_SUSPICIOUS_MOVE = YES;
				CLANG_WARN_UNGUARDED_AVAILABILITY = YES_AGGRESSIVE;
				CLANG_WARN_UNREACHABLE_CODE = YES;
				CLANG_WARN__DUPLICATE_METHOD_MATCH = YES;
				COPY_PHASE_STRIP = NO;
				DEBUG_INFORMATION_FORMAT = "dwarf-with-dsym";
				ENABLE_NS_ASSERTIONS = NO;
				ENABLE_STRICT_OBJC_MSGSEND = YES;
				GCC_C_LANGUAGE_STANDARD = gnu11;
				GCC_NO_COMMON_BLOCKS = YES;
				GCC_WARN_64_TO_32_BIT_CONVERSION = YES;
				GCC_WARN_ABOUT_RETURN_TYPE = YES_ERROR;
				GCC_WARN_UNDECLARED_SELECTOR = YES;
				GCC_WARN_UNINITIALIZED_AUTOS = YES_AGGRESSIVE;
				GCC_WARN_UNUSED_FUNCTION = YES;
				GCC_WARN_UNUSED_VARIABLE = YES;
				IPHONEOS_DEPLOYMENT_TARGET = 13.1;
				MTL_ENABLE_DEBUG_INFO = NO;
				MTL_FAST_MATH = YES;
				SDKROOT = iphoneos;
				SWIFT_COMPILATION_MODE = wholemodule;
				SWIFT_OPTIMIZATION_LEVEL = "-O";
				VALIDATE_PRODUCT = YES;
			};
			name = Release;
		};
		C6BB124E2371760F00466CE7 /* Debug */ = {
			isa = XCBuildConfiguration;
			buildSettings = {
				ASSETCATALOG_COMPILER_APPICON_NAME = AppIcon;
				CODE_SIGN_STYLE = Automatic;
				INFOPLIST_FILE = ClockViewDemo/Info.plist;
				LD_RUNPATH_SEARCH_PATHS = (
					"$(inherited)",
					"@executable_path/Frameworks",
				);
				PRODUCT_BUNDLE_IDENTIFIER = cs.sicnu.edu.cn.ClockViewDemo;
				PRODUCT_NAME = "$(TARGET_NAME)";
				SWIFT_VERSION = 5.0;
				TARGETED_DEVICE_FAMILY = "1,2";
			};
			name = Debug;
		};
		C6BB124F2371760F00466CE7 /* Release */ = {
			isa = XCBuildConfiguration;
			buildSettings = {
				ASSETCATALOG_COMPILER_APPICON_NAME = AppIcon;
				CODE_SIGN_STYLE = Automatic;
				INFOPLIST_FILE = ClockViewDemo/Info.plist;
				LD_RUNPATH_SEARCH_PATHS = (
					"$(inherited)",
					"@executable_path/Frameworks",
				);
				PRODUCT_BUNDLE_IDENTIFIER = cs.sicnu.edu.cn.ClockViewDemo;
				PRODUCT_NAME = "$(TARGET_NAME)";
				SWIFT_VERSION = 5.0;
				TARGETED_DEVICE_FAMILY = "1,2";
			};
			name = Release;
		};
/* End XCBuildConfiguration section */

/* Begin XCConfigurationList section */
		C6BB12342371760900466CE7 /* Build configuration list for PBXProject "ClockViewDemo" */ = {
			isa = XCConfigurationList;
			buildConfigurations = (
				C6BB124B2371760F00466CE7 /* Debug */,
				C6BB124C2371760F00466CE7 /* Release */,
			);
			defaultConfigurationIsVisible = 0;
			defaultConfigurationName = Release;
		};
		C6BB124D2371760F00466CE7 /* Build configuration list for PBXNativeTarget "ClockViewDemo" */ = {
			isa = XCConfigurationList;
			buildConfigurations = (
				C6BB124E2371760F00466CE7 /* Debug */,
				C6BB124F2371760F00466CE7 /* Release */,
			);
			defaultConfigurationIsVisible = 0;
			defaultConfigurationName = Release;
		};
/* End XCConfigurationList section */
	};
	rootObject = C6BB12312371760900466CE7 /* Project object */;
}
